
Microsoft Visual Studio Solution File, Format Version 12.00
# Visual Studio Version 17
VisualStudioVersion = 17.4.33213.308
MinimumVisualStudioVersion = 10.0.40219.1
Project("{FAE04EC0-301F-11D3-BF4B-00C04F79EFBC}") = "IE322_App_KAU", "IE322_DrAtif_KAU\IE322_App_KAU.csproj", "{E781C8EC-FE75-48F5-824E-040CA71EE0FC}"
EndProject
Project("{FAE04EC0-301F-11D3-BF4B-00C04F79EFBC}") = "IE322_ConsoleApp_KAU_DrAtif", "IE322_ConsoleApp_KAU_DrAtif\IE322_ConsoleApp_KAU_DrAtif.csproj", "{EC186EEC-1301-459F-AFE0-E27C4C5BD929}"
EndProject
Project("{888888A0-9F3D-457C-B088-3A5042F75D52}") = "IE322_PythonApp_DrAtif", "IE322_PythonApp_DrAtif\IE322_PythonApp_DrAtif.pyproj", "{A3B8C599-9C36-49D5-89CB-15601C0A58CA}"
EndProject
Global
	GlobalSection(SolutionConfigurationPlatforms) = preSolution
		Debug|Any CPU = Debug|Any CPU
		Release|Any CPU = Release|Any CPU
	EndGlobalSection
	GlobalSection(ProjectConfigurationPlatforms) = postSolution
		{E781C8EC-FE75-48F5-824E-040CA71EE0FC}.Debug|Any CPU.ActiveCfg = Debug|Any CPU
		{E781C8EC-FE75-48F5-824E-040CA71EE0FC}.Debug|Any CPU.Build.0 = Debug|Any CPU
		{E781C8EC-FE75-48F5-824E-040CA71EE0FC}.Release|Any CPU.ActiveCfg = Release|Any CPU
		{E781C8EC-FE75-48F5-824E-040CA71EE0FC}.Release|Any CPU.Build.0 = Release|Any CPU
		{EC186EEC-1301-459F-AFE0-E27C4C5BD929}.Debug|Any CPU.ActiveCfg = Debug|Any CPU
		{EC186EEC-1301-459F-AFE0-E27C4C5BD929}.Debug|Any CPU.Build.0 = Debug|Any CPU
		{EC186EEC-1301-459F-AFE0-E27C4C5BD929}.Release|Any CPU.ActiveCfg = Release|Any CPU
		{EC186EEC-1301-459F-AFE0-E27C4C5BD929}.Release|Any CPU.Build.0 = Release|Any CPU
		{A3B8C599-9C36-49D5-89CB-15601C0A58CA}.Debug|Any CPU.ActiveCfg = Debug|Any CPU
		{A3B8C599-9C36-49D5-89CB-15601C0A58CA}.Release|Any CPU.ActiveCfg = Release|Any CPU
	EndGlobalSection
	GlobalSection(SolutionProperties) = preSolution
		HideSolutionNode = FALSE
	EndGlobalSection
	GlobalSection(ExtensibilityGlobals) = postSolution
		SolutionGuid = {6A2C5EC1-2E3A-4DA0-A1C1-A1E225840EEF}
	EndGlobalSection
EndGlobal
