
Microsoft Visual Studio Solution File, Format Version 12.00
# Visual Studio Version 17
VisualStudioVersion = 17.4.33213.308
MinimumVisualStudioVersion = 10.0.40219.1
Project("{FAE04EC0-301F-11D3-BF4B-00C04F79EFBC}") = "IE322_App_KAU", "MyFormApp2\IE322_App_KAU.csproj", "{E781C8EC-FE75-48F5-824E-040CA71EE0FC}"
EndProject
Global
	GlobalSection(SolutionConfigurationPlatforms) = preSolution
		Debug|Any CPU = Debug|Any CPU
		Release|Any CPU = Release|Any CPU
	EndGlobalSection
	GlobalSection(ProjectConfigurationPlatforms) = postSolution
		{E781C8EC-FE75-48F5-824E-040CA71EE0FC}.Debug|Any CPU.ActiveCfg = Debug|Any CPU
		{E781C8EC-FE75-48F5-824E-040CA71EE0FC}.Debug|Any CPU.Build.0 = Debug|Any CPU
		{E781C8EC-FE75-48F5-824E-040CA71EE0FC}.Release|Any CPU.ActiveCfg = Release|Any CPU
		{E781C8EC-FE75-48F5-824E-040CA71EE0FC}.Release|Any CPU.Build.0 = Release|Any CPU
	EndGlobalSection
	GlobalSection(SolutionProperties) = preSolution
		HideSolutionNode = FALSE
	EndGlobalSection
	GlobalSection(ExtensibilityGlobals) = postSolution
		SolutionGuid = {6A2C5EC1-2E3A-4DA0-A1C1-A1E225840EEF}
	EndGlobalSection
EndGlobal
