
Microsoft Visual Studio Solution File, Format Version 12.00
# Visual Studio Version 16
VisualStudioVersion = 16.0.30711.63
MinimumVisualStudioVersion = 10.0.40219.1
Project("{FAE04EC0-301F-11D3-BF4B-00C04F79EFBC}") = "App1.UWP", "App1\App1.UWP\App1.UWP.csproj", "{706BEEB5-AC4E-4504-A1F9-51EC4B12B35B}"
EndProject
Project("{FAE04EC0-301F-11D3-BF4B-00C04F79EFBC}") = "App1.Android", "App1\App1.Android\App1.Android.csproj", "{819694DE-ADC5-4E11-B339-FEAA4ECA9819}"
EndProject
Project("{FAE04EC0-301F-11D3-BF4B-00C04F79EFBC}") = "App1.iOS", "App1\App1.iOS\App1.iOS.csproj", "{594F3D2A-C3E6-45C3-AD12-582665C10EFE}"
EndProject
Project("{FAE04EC0-301F-11D3-BF4B-00C04F79EFBC}") = "App1", "App1\App1\App1.csproj", "{C3AA9A07-C6EB-4515-8812-09CAD44AE129}"
EndProject
Global
	GlobalSection(SolutionConfigurationPlatforms) = preSolution
		Debug|Any CPU = Debug|Any CPU
		Debug|ARM = Debug|ARM
		Debug|iPhone = Debug|iPhone
		Debug|iPhoneSimulator = Debug|iPhoneSimulator
		Debug|x64 = Debug|x64
		Debug|x86 = Debug|x86
		Release|Any CPU = Release|Any CPU
		Release|ARM = Release|ARM
		Release|iPhone = Release|iPhone
		Release|iPhoneSimulator = Release|iPhoneSimulator
		Release|x64 = Release|x64
		Release|x86 = Release|x86
	EndGlobalSection
	GlobalSection(ProjectConfigurationPlatforms) = postSolution
		{706BEEB5-AC4E-4504-A1F9-51EC4B12B35B}.Debug|Any CPU.ActiveCfg = Debug|x86
		{706BEEB5-AC4E-4504-A1F9-51EC4B12B35B}.Debug|Any CPU.Build.0 = Debug|x86
		{706BEEB5-AC4E-4504-A1F9-51EC4B12B35B}.Debug|Any CPU.Deploy.0 = Debug|x86
		{706BEEB5-AC4E-4504-A1F9-51EC4B12B35B}.Debug|ARM.ActiveCfg = Debug|ARM
		{706BEEB5-AC4E-4504-A1F9-51EC4B12B35B}.Debug|ARM.Build.0 = Debug|ARM
		{706BEEB5-AC4E-4504-A1F9-51EC4B12B35B}.Debug|ARM.Deploy.0 = Debug|ARM
		{706BEEB5-AC4E-4504-A1F9-51EC4B12B35B}.Debug|iPhone.ActiveCfg = Debug|x86
		{706BEEB5-AC4E-4504-A1F9-51EC4B12B35B}.Debug|iPhone.Build.0 = Debug|x86
		{706BEEB5-AC4E-4504-A1F9-51EC4B12B35B}.Debug|iPhone.Deploy.0 = Debug|x86
		{706BEEB5-AC4E-4504-A1F9-51EC4B12B35B}.Debug|iPhoneSimulator.ActiveCfg = Debug|x86
		{706BEEB5-AC4E-4504-A1F9-51EC4B12B35B}.Debug|iPhoneSimulator.Build.0 = Debug|x86
		{706BEEB5-AC4E-4504-A1F9-51EC4B12B35B}.Debug|iPhoneSimulator.Deploy.0 = Debug|x86
		{706BEEB5-AC4E-4504-A1F9-51EC4B12B35B}.Debug|x64.ActiveCfg = Debug|x64
		{706BEEB5-AC4E-4504-A1F9-51EC4B12B35B}.Debug|x64.Build.0 = Debug|x64
		{706BEEB5-AC4E-4504-A1F9-51EC4B12B35B}.Debug|x64.Deploy.0 = Debug|x64
		{706BEEB5-AC4E-4504-A1F9-51EC4B12B35B}.Debug|x86.ActiveCfg = Debug|x86
		{706BEEB5-AC4E-4504-A1F9-51EC4B12B35B}.Debug|x86.Build.0 = Debug|x86
		{706BEEB5-AC4E-4504-A1F9-51EC4B12B35B}.Debug|x86.Deploy.0 = Debug|x86
		{706BEEB5-AC4E-4504-A1F9-51EC4B12B35B}.Release|Any CPU.ActiveCfg = Release|x86
		{706BEEB5-AC4E-4504-A1F9-51EC4B12B35B}.Release|Any CPU.Build.0 = Release|x86
		{706BEEB5-AC4E-4504-A1F9-51EC4B12B35B}.Release|Any CPU.Deploy.0 = Release|x86
		{706BEEB5-AC4E-4504-A1F9-51EC4B12B35B}.Release|ARM.ActiveCfg = Release|ARM
		{706BEEB5-AC4E-4504-A1F9-51EC4B12B35B}.Release|ARM.Build.0 = Release|ARM
		{706BEEB5-AC4E-4504-A1F9-51EC4B12B35B}.Release|ARM.Deploy.0 = Release|ARM
		{706BEEB5-AC4E-4504-A1F9-51EC4B12B35B}.Release|iPhone.ActiveCfg = Release|x86
		{706BEEB5-AC4E-4504-A1F9-51EC4B12B35B}.Release|iPhone.Build.0 = Release|x86
		{706BEEB5-AC4E-4504-A1F9-51EC4B12B35B}.Release|iPhone.Deploy.0 = Release|x86
		{706BEEB5-AC4E-4504-A1F9-51EC4B12B35B}.Release|iPhoneSimulator.ActiveCfg = Release|x86
		{706BEEB5-AC4E-4504-A1F9-51EC4B12B35B}.Release|iPhoneSimulator.Build.0 = Release|x86
		{706BEEB5-AC4E-4504-A1F9-51EC4B12B35B}.Release|iPhoneSimulator.Deploy.0 = Release|x86
		{706BEEB5-AC4E-4504-A1F9-51EC4B12B35B}.Release|x64.ActiveCfg = Release|x64
		{706BEEB5-AC4E-4504-A1F9-51EC4B12B35B}.Release|x64.Build.0 = Release|x64
		{706BEEB5-AC4E-4504-A1F9-51EC4B12B35B}.Release|x64.Deploy.0 = Release|x64
		{706BEEB5-AC4E-4504-A1F9-51EC4B12B35B}.Release|x86.ActiveCfg = Release|x86
		{706BEEB5-AC4E-4504-A1F9-51EC4B12B35B}.Release|x86.Build.0 = Release|x86
		{706BEEB5-AC4E-4504-A1F9-51EC4B12B35B}.Release|x86.Deploy.0 = Release|x86
		{819694DE-ADC5-4E11-B339-FEAA4ECA9819}.Debug|Any CPU.ActiveCfg = Debug|Any CPU
		{819694DE-ADC5-4E11-B339-FEAA4ECA9819}.Debug|Any CPU.Build.0 = Debug|Any CPU
		{819694DE-ADC5-4E11-B339-FEAA4ECA9819}.Debug|Any CPU.Deploy.0 = Debug|Any CPU
		{819694DE-ADC5-4E11-B339-FEAA4ECA9819}.Debug|ARM.ActiveCfg = Debug|Any CPU
		{819694DE-ADC5-4E11-B339-FEAA4ECA9819}.Debug|ARM.Build.0 = Debug|Any CPU
		{819694DE-ADC5-4E11-B339-FEAA4ECA9819}.Debug|ARM.Deploy.0 = Debug|Any CPU
		{819694DE-ADC5-4E11-B339-FEAA4ECA9819}.Debug|iPhone.ActiveCfg = Debug|Any CPU
		{819694DE-ADC5-4E11-B339-FEAA4ECA9819}.Debug|iPhone.Build.0 = Debug|Any CPU
		{819694DE-ADC5-4E11-B339-FEAA4ECA9819}.Debug|iPhone.Deploy.0 = Debug|Any CPU
		{819694DE-ADC5-4E11-B339-FEAA4ECA9819}.Debug|iPhoneSimulator.ActiveCfg = Debug|Any CPU
		{819694DE-ADC5-4E11-B339-FEAA4ECA9819}.Debug|iPhoneSimulator.Build.0 = Debug|Any CPU
		{819694DE-ADC5-4E11-B339-FEAA4ECA9819}.Debug|iPhoneSimulator.Deploy.0 = Debug|Any CPU
		{819694DE-ADC5-4E11-B339-FEAA4ECA9819}.Debug|x64.ActiveCfg = Debug|Any CPU
		{819694DE-ADC5-4E11-B339-FEAA4ECA9819}.Debug|x64.Build.0 = Debug|Any CPU
		{819694DE-ADC5-4E11-B339-FEAA4ECA9819}.Debug|x64.Deploy.0 = Debug|Any CPU
		{819694DE-ADC5-4E11-B339-FEAA4ECA9819}.Debug|x86.ActiveCfg = Debug|Any CPU
		{819694DE-ADC5-4E11-B339-FEAA4ECA9819}.Debug|x86.Build.0 = Debug|Any CPU
		{819694DE-ADC5-4E11-B339-FEAA4ECA9819}.Debug|x86.Deploy.0 = Debug|Any CPU
		{819694DE-ADC5-4E11-B339-FEAA4ECA9819}.Release|Any CPU.ActiveCfg = Release|Any CPU
		{819694DE-ADC5-4E11-B339-FEAA4ECA9819}.Release|Any CPU.Build.0 = Release|Any CPU
		{819694DE-ADC5-4E11-B339-FEAA4ECA9819}.Release|Any CPU.Deploy.0 = Release|Any CPU
		{819694DE-ADC5-4E11-B339-FEAA4ECA9819}.Release|ARM.ActiveCfg = Release|Any CPU
		{819694DE-ADC5-4E11-B339-FEAA4ECA9819}.Release|ARM.Build.0 = Release|Any CPU
		{819694DE-ADC5-4E11-B339-FEAA4ECA9819}.Release|ARM.Deploy.0 = Release|Any CPU
		{819694DE-ADC5-4E11-B339-FEAA4ECA9819}.Release|iPhone.ActiveCfg = Release|Any CPU
		{819694DE-ADC5-4E11-B339-FEAA4ECA9819}.Release|iPhone.Build.0 = Release|Any CPU
		{819694DE-ADC5-4E11-B339-FEAA4ECA9819}.Release|iPhone.Deploy.0 = Release|Any CPU
		{819694DE-ADC5-4E11-B339-FEAA4ECA9819}.Release|iPhoneSimulator.ActiveCfg = Release|Any CPU
		{819694DE-ADC5-4E11-B339-FEAA4ECA9819}.Release|iPhoneSimulator.Build.0 = Release|Any CPU
		{819694DE-ADC5-4E11-B339-FEAA4ECA9819}.Release|iPhoneSimulator.Deploy.0 = Release|Any CPU
		{819694DE-ADC5-4E11-B339-FEAA4ECA9819}.Release|x64.ActiveCfg = Release|Any CPU
		{819694DE-ADC5-4E11-B339-FEAA4ECA9819}.Release|x64.Build.0 = Release|Any CPU
		{819694DE-ADC5-4E11-B339-FEAA4ECA9819}.Release|x64.Deploy.0 = Release|Any CPU
		{819694DE-ADC5-4E11-B339-FEAA4ECA9819}.Release|x86.ActiveCfg = Release|Any CPU
		{819694DE-ADC5-4E11-B339-FEAA4ECA9819}.Release|x86.Build.0 = Release|Any CPU
		{819694DE-ADC5-4E11-B339-FEAA4ECA9819}.Release|x86.Deploy.0 = Release|Any CPU
		{594F3D2A-C3E6-45C3-AD12-582665C10EFE}.Debug|Any CPU.ActiveCfg = Debug|iPhoneSimulator
		{594F3D2A-C3E6-45C3-AD12-582665C10EFE}.Debug|Any CPU.Build.0 = Debug|iPhoneSimulator
		{594F3D2A-C3E6-45C3-AD12-582665C10EFE}.Debug|Any CPU.Deploy.0 = Debug|iPhoneSimulator
		{594F3D2A-C3E6-45C3-AD12-582665C10EFE}.Debug|ARM.ActiveCfg = Debug|iPhone
		{594F3D2A-C3E6-45C3-AD12-582665C10EFE}.Debug|ARM.Build.0 = Debug|iPhone
		{594F3D2A-C3E6-45C3-AD12-582665C10EFE}.Debug|ARM.Deploy.0 = Debug|iPhone
		{594F3D2A-C3E6-45C3-AD12-582665C10EFE}.Debug|iPhone.ActiveCfg = Debug|iPhone
		{594F3D2A-C3E6-45C3-AD12-582665C10EFE}.Debug|iPhone.Build.0 = Debug|iPhone
		{594F3D2A-C3E6-45C3-AD12-582665C10EFE}.Debug|iPhone.Deploy.0 = Debug|iPhone
		{594F3D2A-C3E6-45C3-AD12-582665C10EFE}.Debug|iPhoneSimulator.ActiveCfg = Debug|iPhoneSimulator
		{594F3D2A-C3E6-45C3-AD12-582665C10EFE}.Debug|iPhoneSimulator.Build.0 = Debug|iPhoneSimulator
		{594F3D2A-C3E6-45C3-AD12-582665C10EFE}.Debug|iPhoneSimulator.Deploy.0 = Debug|iPhoneSimulator
		{594F3D2A-C3E6-45C3-AD12-582665C10EFE}.Debug|x64.ActiveCfg = Debug|iPhoneSimulator
		{594F3D2A-C3E6-45C3-AD12-582665C10EFE}.Debug|x64.Build.0 = Debug|iPhoneSimulator
		{594F3D2A-C3E6-45C3-AD12-582665C10EFE}.Debug|x64.Deploy.0 = Debug|iPhoneSimulator
		{594F3D2A-C3E6-45C3-AD12-582665C10EFE}.Debug|x86.ActiveCfg = Debug|iPhoneSimulator
		{594F3D2A-C3E6-45C3-AD12-582665C10EFE}.Debug|x86.Build.0 = Debug|iPhoneSimulator
		{594F3D2A-C3E6-45C3-AD12-582665C10EFE}.Debug|x86.Deploy.0 = Debug|iPhoneSimulator
		{594F3D2A-C3E6-45C3-AD12-582665C10EFE}.Release|Any CPU.ActiveCfg = Release|iPhoneSimulator
		{594F3D2A-C3E6-45C3-AD12-582665C10EFE}.Release|Any CPU.Build.0 = Release|iPhoneSimulator
		{594F3D2A-C3E6-45C3-AD12-582665C10EFE}.Release|Any CPU.Deploy.0 = Release|iPhoneSimulator
		{594F3D2A-C3E6-45C3-AD12-582665C10EFE}.Release|ARM.ActiveCfg = Release|iPhoneSimulator
		{594F3D2A-C3E6-45C3-AD12-582665C10EFE}.Release|ARM.Build.0 = Release|iPhoneSimulator
		{594F3D2A-C3E6-45C3-AD12-582665C10EFE}.Release|ARM.Deploy.0 = Release|iPhoneSimulator
		{594F3D2A-C3E6-45C3-AD12-582665C10EFE}.Release|iPhone.ActiveCfg = Release|iPhone
		{594F3D2A-C3E6-45C3-AD12-582665C10EFE}.Release|iPhone.Build.0 = Release|iPhone
		{594F3D2A-C3E6-45C3-AD12-582665C10EFE}.Release|iPhone.Deploy.0 = Release|iPhone
		{594F3D2A-C3E6-45C3-AD12-582665C10EFE}.Release|iPhoneSimulator.ActiveCfg = Release|iPhoneSimulator
		{594F3D2A-C3E6-45C3-AD12-582665C10EFE}.Release|iPhoneSimulator.Build.0 = Release|iPhoneSimulator
		{594F3D2A-C3E6-45C3-AD12-582665C10EFE}.Release|iPhoneSimulator.Deploy.0 = Release|iPhoneSimulator
		{594F3D2A-C3E6-45C3-AD12-582665C10EFE}.Release|x64.ActiveCfg = Release|iPhoneSimulator
		{594F3D2A-C3E6-45C3-AD12-582665C10EFE}.Release|x64.Build.0 = Release|iPhoneSimulator
		{594F3D2A-C3E6-45C3-AD12-582665C10EFE}.Release|x64.Deploy.0 = Release|iPhoneSimulator
		{594F3D2A-C3E6-45C3-AD12-582665C10EFE}.Release|x86.ActiveCfg = Release|iPhoneSimulator
		{594F3D2A-C3E6-45C3-AD12-582665C10EFE}.Release|x86.Build.0 = Release|iPhoneSimulator
		{594F3D2A-C3E6-45C3-AD12-582665C10EFE}.Release|x86.Deploy.0 = Release|iPhoneSimulator
		{C3AA9A07-C6EB-4515-8812-09CAD44AE129}.Debug|Any CPU.ActiveCfg = Debug|Any CPU
		{C3AA9A07-C6EB-4515-8812-09CAD44AE129}.Debug|Any CPU.Build.0 = Debug|Any CPU
		{C3AA9A07-C6EB-4515-8812-09CAD44AE129}.Debug|Any CPU.Deploy.0 = Debug|Any CPU
		{C3AA9A07-C6EB-4515-8812-09CAD44AE129}.Debug|ARM.ActiveCfg = Debug|Any CPU
		{C3AA9A07-C6EB-4515-8812-09CAD44AE129}.Debug|ARM.Build.0 = Debug|Any CPU
		{C3AA9A07-C6EB-4515-8812-09CAD44AE129}.Debug|ARM.Deploy.0 = Debug|Any CPU
		{C3AA9A07-C6EB-4515-8812-09CAD44AE129}.Debug|iPhone.ActiveCfg = Debug|Any CPU
		{C3AA9A07-C6EB-4515-8812-09CAD44AE129}.Debug|iPhone.Build.0 = Debug|Any CPU
		{C3AA9A07-C6EB-4515-8812-09CAD44AE129}.Debug|iPhone.Deploy.0 = Debug|Any CPU
		{C3AA9A07-C6EB-4515-8812-09CAD44AE129}.Debug|iPhoneSimulator.ActiveCfg = Debug|Any CPU
		{C3AA9A07-C6EB-4515-8812-09CAD44AE129}.Debug|iPhoneSimulator.Build.0 = Debug|Any CPU
		{C3AA9A07-C6EB-4515-8812-09CAD44AE129}.Debug|iPhoneSimulator.Deploy.0 = Debug|Any CPU
		{C3AA9A07-C6EB-4515-8812-09CAD44AE129}.Debug|x64.ActiveCfg = Debug|Any CPU
		{C3AA9A07-C6EB-4515-8812-09CAD44AE129}.Debug|x64.Build.0 = Debug|Any CPU
		{C3AA9A07-C6EB-4515-8812-09CAD44AE129}.Debug|x64.Deploy.0 = Debug|Any CPU
		{C3AA9A07-C6EB-4515-8812-09CAD44AE129}.Debug|x86.ActiveCfg = Debug|Any CPU
		{C3AA9A07-C6EB-4515-8812-09CAD44AE129}.Debug|x86.Build.0 = Debug|Any CPU
		{C3AA9A07-C6EB-4515-8812-09CAD44AE129}.Debug|x86.Deploy.0 = Debug|Any CPU
		{C3AA9A07-C6EB-4515-8812-09CAD44AE129}.Release|Any CPU.ActiveCfg = Release|Any CPU
		{C3AA9A07-C6EB-4515-8812-09CAD44AE129}.Release|Any CPU.Build.0 = Release|Any CPU
		{C3AA9A07-C6EB-4515-8812-09CAD44AE129}.Release|Any CPU.Deploy.0 = Release|Any CPU
		{C3AA9A07-C6EB-4515-8812-09CAD44AE129}.Release|ARM.ActiveCfg = Release|Any CPU
		{C3AA9A07-C6EB-4515-8812-09CAD44AE129}.Release|ARM.Build.0 = Release|Any CPU
		{C3AA9A07-C6EB-4515-8812-09CAD44AE129}.Release|ARM.Deploy.0 = Release|Any CPU
		{C3AA9A07-C6EB-4515-8812-09CAD44AE129}.Release|iPhone.ActiveCfg = Release|Any CPU
		{C3AA9A07-C6EB-4515-8812-09CAD44AE129}.Release|iPhone.Build.0 = Release|Any CPU
		{C3AA9A07-C6EB-4515-8812-09CAD44AE129}.Release|iPhone.Deploy.0 = Release|Any CPU
		{C3AA9A07-C6EB-4515-8812-09CAD44AE129}.Release|iPhoneSimulator.ActiveCfg = Release|Any CPU
		{C3AA9A07-C6EB-4515-8812-09CAD44AE129}.Release|iPhoneSimulator.Build.0 = Release|Any CPU
		{C3AA9A07-C6EB-4515-8812-09CAD44AE129}.Release|iPhoneSimulator.Deploy.0 = Release|Any CPU
		{C3AA9A07-C6EB-4515-8812-09CAD44AE129}.Release|x64.ActiveCfg = Release|Any CPU
		{C3AA9A07-C6EB-4515-8812-09CAD44AE129}.Release|x64.Build.0 = Release|Any CPU
		{C3AA9A07-C6EB-4515-8812-09CAD44AE129}.Release|x64.Deploy.0 = Release|Any CPU
		{C3AA9A07-C6EB-4515-8812-09CAD44AE129}.Release|x86.ActiveCfg = Release|Any CPU
		{C3AA9A07-C6EB-4515-8812-09CAD44AE129}.Release|x86.Build.0 = Release|Any CPU
		{C3AA9A07-C6EB-4515-8812-09CAD44AE129}.Release|x86.Deploy.0 = Release|Any CPU
	EndGlobalSection
	GlobalSection(SolutionProperties) = preSolution
		HideSolutionNode = FALSE
	EndGlobalSection
	GlobalSection(ExtensibilityGlobals) = postSolution
		SolutionGuid = {E3F3819F-D944-4D64-A5B2-A67E24283894}
	EndGlobalSection
EndGlobal
